{
  "name": "UTF-8-Chrome-Extension",
  "lockfileVersion": 3,
  "requires": true,
  "packages": {
    "": {
      "dependencies": {
        "chrome-types": "^0.1.347"
      }
    },
    "node_modules/chrome-types": {
      "version": "0.1.347",
      "resolved": "https://registry.npmjs.org/chrome-types/-/chrome-types-0.1.347.tgz",
      "integrity": "sha512-c8lbQnYfghYJ8hQ6XivJzex3NJS7RAdcD81uGylnvrRqzF2QMei/wVhsE6+PsZDOipNxbFMxjhf242ZuGhYZzQ==",
      "license": "Apache-2.0"
    }
  }
}
